
Microsoft Visual Studio Solution File, Format Version 12.00
# Visual Studio Version 17
VisualStudioVersion = 17.9.34622.214
MinimumVisualStudioVersion = 10.0.40219.1
Project("{FAE04EC0-301F-11D3-BF4B-00C04F79EFBC}") = "SorteoEstacionamiento.Server", "SorteoEstacionamiento\Server\SorteoEstacionamiento.Server.csproj", "{77CD4B84-5359-4B85-B9B2-CC4C5679CCCA}"
EndProject
Project("{FAE04EC0-301F-11D3-BF4B-00C04F79EFBC}") = "SorteoEstacionamiento.Client", "SorteoEstacionamiento\Client\SorteoEstacionamiento.Client.csproj", "{A3080834-F648-4AED-B138-DDE13F5488A7}"
EndProject
Project("{FAE04EC0-301F-11D3-BF4B-00C04F79EFBC}") = "SorteoEstacionamiento.Shared", "SorteoEstacionamiento\Shared\SorteoEstacionamiento.Shared.csproj", "{C0F1864A-B515-4A52-B9B4-805130CD88DA}"
EndProject
Global
	GlobalSection(SolutionConfigurationPlatforms) = preSolution
		Debug|Any CPU = Debug|Any CPU
		Release|Any CPU = Release|Any CPU
	EndGlobalSection
	GlobalSection(ProjectConfigurationPlatforms) = postSolution
		{77CD4B84-5359-4B85-B9B2-CC4C5679CCCA}.Debug|Any CPU.ActiveCfg = Debug|Any CPU
		{77CD4B84-5359-4B85-B9B2-CC4C5679CCCA}.Debug|Any CPU.Build.0 = Debug|Any CPU
		{77CD4B84-5359-4B85-B9B2-CC4C5679CCCA}.Release|Any CPU.ActiveCfg = Release|Any CPU
		{77CD4B84-5359-4B85-B9B2-CC4C5679CCCA}.Release|Any CPU.Build.0 = Release|Any CPU
		{A3080834-F648-4AED-B138-DDE13F5488A7}.Debug|Any CPU.ActiveCfg = Debug|Any CPU
		{A3080834-F648-4AED-B138-DDE13F5488A7}.Debug|Any CPU.Build.0 = Debug|Any CPU
		{A3080834-F648-4AED-B138-DDE13F5488A7}.Release|Any CPU.ActiveCfg = Release|Any CPU
		{A3080834-F648-4AED-B138-DDE13F5488A7}.Release|Any CPU.Build.0 = Release|Any CPU
		{C0F1864A-B515-4A52-B9B4-805130CD88DA}.Debug|Any CPU.ActiveCfg = Debug|Any CPU
		{C0F1864A-B515-4A52-B9B4-805130CD88DA}.Debug|Any CPU.Build.0 = Debug|Any CPU
		{C0F1864A-B515-4A52-B9B4-805130CD88DA}.Release|Any CPU.ActiveCfg = Release|Any CPU
		{C0F1864A-B515-4A52-B9B4-805130CD88DA}.Release|Any CPU.Build.0 = Release|Any CPU
	EndGlobalSection
	GlobalSection(SolutionProperties) = preSolution
		HideSolutionNode = FALSE
	EndGlobalSection
	GlobalSection(ExtensibilityGlobals) = postSolution
		SolutionGuid = {23D0F141-5D11-4147-8E19-F38BB9293430}
	EndGlobalSection
EndGlobal
